
Microsoft Visual Studio Solution File, Format Version 12.00
# Visual Studio Version 16
VisualStudioVersion = 16.0.30804.86
MinimumVisualStudioVersion = 10.0.40219.1
Project("{FAE04EC0-301F-11D3-BF4B-00C04F79EFBC}") = "PrintOneToN", "PrintOneToN\PrintOneToN.csproj", "{C7BF94DB-AF26-43F2-A663-7019BE502684}"
EndProject
Global
	GlobalSection(SolutionConfigurationPlatforms) = preSolution
		Debug|Any CPU = Debug|Any CPU
		Release|Any CPU = Release|Any CPU
	EndGlobalSection
	GlobalSection(ProjectConfigurationPlatforms) = postSolution
		{C7BF94DB-AF26-43F2-A663-7019BE502684}.Debug|Any CPU.ActiveCfg = Debug|Any CPU
		{C7BF94DB-AF26-43F2-A663-7019BE502684}.Debug|Any CPU.Build.0 = Debug|Any CPU
		{C7BF94DB-AF26-43F2-A663-7019BE502684}.Release|Any CPU.ActiveCfg = Release|Any CPU
		{C7BF94DB-AF26-43F2-A663-7019BE502684}.Release|Any CPU.Build.0 = Release|Any CPU
	EndGlobalSection
	GlobalSection(SolutionProperties) = preSolution
		HideSolutionNode = FALSE
	EndGlobalSection
	GlobalSection(ExtensibilityGlobals) = postSolution
		SolutionGuid = {432053D5-DF26-4399-830D-268FFDC52AF4}
	EndGlobalSection
EndGlobal
